
Microsoft Visual Studio Solution File, Format Version 12.00
# Visual Studio Version 17
VisualStudioVersion = 17.0.31903.59
MinimumVisualStudioVersion = 10.0.40219.1
Project("{FAE04EC0-301F-11D3-BF4B-00C04F79EFBC}") = "Wyvern.API", "Wyvern.API\Wyvern.API.csproj", "{2FA3E6E6-A43E-4002-862B-FF70FB1CBC32}"
EndProject
Project("{FAE04EC0-301F-11D3-BF4B-00C04F79EFBC}") = "Wyvern.ConfigModel", "Wyvern.ConfigModel\Wyvern.ConfigModel.csproj", "{C62ABD6B-CC26-4B2B-9EB7-83BC2111CE04}"
EndProject
Project("{FAE04EC0-301F-11D3-BF4B-00C04F79EFBC}") = "Wyvern.Database", "Wyvern.Database\Wyvern.Database.csproj", "{DCDD2712-73BB-4CE8-83EB-2BD4EEE93A6D}"
EndProject
Project("{FAE04EC0-301F-11D3-BF4B-00C04F79EFBC}") = "Wyvern.Gateway", "Wyvern.Gateway\Wyvern.Gateway.csproj", "{A3559692-FAC9-4653-B2F0-B5B105ECF39A}"
EndProject
Project("{FAE04EC0-301F-11D3-BF4B-00C04F79EFBC}") = "Wyvern.Tests", "Wyvern.Tests\Wyvern.Tests.csproj", "{6B18CB46-C1AD-44C1-87BA-9C6C65C8B408}"
EndProject
Global
	GlobalSection(SolutionConfigurationPlatforms) = preSolution
		Debug|Any CPU = Debug|Any CPU
		Debug|x64 = Debug|x64
		Debug|x86 = Debug|x86
		Release|Any CPU = Release|Any CPU
		Release|x64 = Release|x64
		Release|x86 = Release|x86
	EndGlobalSection
	GlobalSection(ProjectConfigurationPlatforms) = postSolution
		{2FA3E6E6-A43E-4002-862B-FF70FB1CBC32}.Debug|Any CPU.ActiveCfg = Debug|Any CPU
		{2FA3E6E6-A43E-4002-862B-FF70FB1CBC32}.Debug|Any CPU.Build.0 = Debug|Any CPU
		{2FA3E6E6-A43E-4002-862B-FF70FB1CBC32}.Debug|x64.ActiveCfg = Debug|Any CPU
		{2FA3E6E6-A43E-4002-862B-FF70FB1CBC32}.Debug|x64.Build.0 = Debug|Any CPU
		{2FA3E6E6-A43E-4002-862B-FF70FB1CBC32}.Debug|x86.ActiveCfg = Debug|Any CPU
		{2FA3E6E6-A43E-4002-862B-FF70FB1CBC32}.Debug|x86.Build.0 = Debug|Any CPU
		{2FA3E6E6-A43E-4002-862B-FF70FB1CBC32}.Release|Any CPU.ActiveCfg = Release|Any CPU
		{2FA3E6E6-A43E-4002-862B-FF70FB1CBC32}.Release|Any CPU.Build.0 = Release|Any CPU
		{2FA3E6E6-A43E-4002-862B-FF70FB1CBC32}.Release|x64.ActiveCfg = Release|Any CPU
		{2FA3E6E6-A43E-4002-862B-FF70FB1CBC32}.Release|x64.Build.0 = Release|Any CPU
		{2FA3E6E6-A43E-4002-862B-FF70FB1CBC32}.Release|x86.ActiveCfg = Release|Any CPU
		{2FA3E6E6-A43E-4002-862B-FF70FB1CBC32}.Release|x86.Build.0 = Release|Any CPU
		{C62ABD6B-CC26-4B2B-9EB7-83BC2111CE04}.Debug|Any CPU.ActiveCfg = Debug|Any CPU
		{C62ABD6B-CC26-4B2B-9EB7-83BC2111CE04}.Debug|Any CPU.Build.0 = Debug|Any CPU
		{C62ABD6B-CC26-4B2B-9EB7-83BC2111CE04}.Debug|x64.ActiveCfg = Debug|Any CPU
		{C62ABD6B-CC26-4B2B-9EB7-83BC2111CE04}.Debug|x64.Build.0 = Debug|Any CPU
		{C62ABD6B-CC26-4B2B-9EB7-83BC2111CE04}.Debug|x86.ActiveCfg = Debug|Any CPU
		{C62ABD6B-CC26-4B2B-9EB7-83BC2111CE04}.Debug|x86.Build.0 = Debug|Any CPU
		{C62ABD6B-CC26-4B2B-9EB7-83BC2111CE04}.Release|Any CPU.ActiveCfg = Release|Any CPU
		{C62ABD6B-CC26-4B2B-9EB7-83BC2111CE04}.Release|Any CPU.Build.0 = Release|Any CPU
		{C62ABD6B-CC26-4B2B-9EB7-83BC2111CE04}.Release|x64.ActiveCfg = Release|Any CPU
		{C62ABD6B-CC26-4B2B-9EB7-83BC2111CE04}.Release|x64.Build.0 = Release|Any CPU
		{C62ABD6B-CC26-4B2B-9EB7-83BC2111CE04}.Release|x86.ActiveCfg = Release|Any CPU
		{C62ABD6B-CC26-4B2B-9EB7-83BC2111CE04}.Release|x86.Build.0 = Release|Any CPU
		{DCDD2712-73BB-4CE8-83EB-2BD4EEE93A6D}.Debug|Any CPU.ActiveCfg = Debug|Any CPU
		{DCDD2712-73BB-4CE8-83EB-2BD4EEE93A6D}.Debug|Any CPU.Build.0 = Debug|Any CPU
		{DCDD2712-73BB-4CE8-83EB-2BD4EEE93A6D}.Debug|x64.ActiveCfg = Debug|Any CPU
		{DCDD2712-73BB-4CE8-83EB-2BD4EEE93A6D}.Debug|x64.Build.0 = Debug|Any CPU
		{DCDD2712-73BB-4CE8-83EB-2BD4EEE93A6D}.Debug|x86.ActiveCfg = Debug|Any CPU
		{DCDD2712-73BB-4CE8-83EB-2BD4EEE93A6D}.Debug|x86.Build.0 = Debug|Any CPU
		{DCDD2712-73BB-4CE8-83EB-2BD4EEE93A6D}.Release|Any CPU.ActiveCfg = Release|Any CPU
		{DCDD2712-73BB-4CE8-83EB-2BD4EEE93A6D}.Release|Any CPU.Build.0 = Release|Any CPU
		{DCDD2712-73BB-4CE8-83EB-2BD4EEE93A6D}.Release|x64.ActiveCfg = Release|Any CPU
		{DCDD2712-73BB-4CE8-83EB-2BD4EEE93A6D}.Release|x64.Build.0 = Release|Any CPU
		{DCDD2712-73BB-4CE8-83EB-2BD4EEE93A6D}.Release|x86.ActiveCfg = Release|Any CPU
		{DCDD2712-73BB-4CE8-83EB-2BD4EEE93A6D}.Release|x86.Build.0 = Release|Any CPU
		{A3559692-FAC9-4653-B2F0-B5B105ECF39A}.Debug|Any CPU.ActiveCfg = Debug|Any CPU
		{A3559692-FAC9-4653-B2F0-B5B105ECF39A}.Debug|Any CPU.Build.0 = Debug|Any CPU
		{A3559692-FAC9-4653-B2F0-B5B105ECF39A}.Debug|x64.ActiveCfg = Debug|Any CPU
		{A3559692-FAC9-4653-B2F0-B5B105ECF39A}.Debug|x64.Build.0 = Debug|Any CPU
		{A3559692-FAC9-4653-B2F0-B5B105ECF39A}.Debug|x86.ActiveCfg = Debug|Any CPU
		{A3559692-FAC9-4653-B2F0-B5B105ECF39A}.Debug|x86.Build.0 = Debug|Any CPU
		{A3559692-FAC9-4653-B2F0-B5B105ECF39A}.Release|Any CPU.ActiveCfg = Release|Any CPU
		{A3559692-FAC9-4653-B2F0-B5B105ECF39A}.Release|Any CPU.Build.0 = Release|Any CPU
		{A3559692-FAC9-4653-B2F0-B5B105ECF39A}.Release|x64.ActiveCfg = Release|Any CPU
		{A3559692-FAC9-4653-B2F0-B5B105ECF39A}.Release|x64.Build.0 = Release|Any CPU
		{A3559692-FAC9-4653-B2F0-B5B105ECF39A}.Release|x86.ActiveCfg = Release|Any CPU
		{A3559692-FAC9-4653-B2F0-B5B105ECF39A}.Release|x86.Build.0 = Release|Any CPU
		{A4A1AEAD-E53D-4D59-9CAD-48D055AAD61F}.Debug|Any CPU.ActiveCfg = Debug|Any CPU
		{A4A1AEAD-E53D-4D59-9CAD-48D055AAD61F}.Debug|Any CPU.Build.0 = Debug|Any CPU
		{A4A1AEAD-E53D-4D59-9CAD-48D055AAD61F}.Debug|x64.ActiveCfg = Debug|Any CPU
		{A4A1AEAD-E53D-4D59-9CAD-48D055AAD61F}.Debug|x64.Build.0 = Debug|Any CPU
		{A4A1AEAD-E53D-4D59-9CAD-48D055AAD61F}.Debug|x86.ActiveCfg = Debug|Any CPU
		{A4A1AEAD-E53D-4D59-9CAD-48D055AAD61F}.Debug|x86.Build.0 = Debug|Any CPU
		{A4A1AEAD-E53D-4D59-9CAD-48D055AAD61F}.Release|Any CPU.ActiveCfg = Release|Any CPU
		{A4A1AEAD-E53D-4D59-9CAD-48D055AAD61F}.Release|Any CPU.Build.0 = Release|Any CPU
		{A4A1AEAD-E53D-4D59-9CAD-48D055AAD61F}.Release|x64.ActiveCfg = Release|Any CPU
		{A4A1AEAD-E53D-4D59-9CAD-48D055AAD61F}.Release|x64.Build.0 = Release|Any CPU
		{A4A1AEAD-E53D-4D59-9CAD-48D055AAD61F}.Release|x86.ActiveCfg = Release|Any CPU
		{A4A1AEAD-E53D-4D59-9CAD-48D055AAD61F}.Release|x86.Build.0 = Release|Any CPU
		{6B18CB46-C1AD-44C1-87BA-9C6C65C8B408}.Debug|Any CPU.ActiveCfg = Debug|Any CPU
		{6B18CB46-C1AD-44C1-87BA-9C6C65C8B408}.Debug|Any CPU.Build.0 = Debug|Any CPU
		{6B18CB46-C1AD-44C1-87BA-9C6C65C8B408}.Debug|x64.ActiveCfg = Debug|Any CPU
		{6B18CB46-C1AD-44C1-87BA-9C6C65C8B408}.Debug|x64.Build.0 = Debug|Any CPU
		{6B18CB46-C1AD-44C1-87BA-9C6C65C8B408}.Debug|x86.ActiveCfg = Debug|Any CPU
		{6B18CB46-C1AD-44C1-87BA-9C6C65C8B408}.Debug|x86.Build.0 = Debug|Any CPU
		{6B18CB46-C1AD-44C1-87BA-9C6C65C8B408}.Release|Any CPU.ActiveCfg = Release|Any CPU
		{6B18CB46-C1AD-44C1-87BA-9C6C65C8B408}.Release|Any CPU.Build.0 = Release|Any CPU
		{6B18CB46-C1AD-44C1-87BA-9C6C65C8B408}.Release|x64.ActiveCfg = Release|Any CPU
		{6B18CB46-C1AD-44C1-87BA-9C6C65C8B408}.Release|x64.Build.0 = Release|Any CPU
		{6B18CB46-C1AD-44C1-87BA-9C6C65C8B408}.Release|x86.ActiveCfg = Release|Any CPU
		{6B18CB46-C1AD-44C1-87BA-9C6C65C8B408}.Release|x86.Build.0 = Release|Any CPU
	EndGlobalSection
	GlobalSection(SolutionProperties) = preSolution
		HideSolutionNode = FALSE
	EndGlobalSection
EndGlobal
